// !$*UTF8*$!
{
	archiveVersion = 1;
	classes = {
	};
	objectVersion = 50;
	objects = {

/* Begin PBXBuildFile section */
		4F3BC5CD20A218060048FB1F /* ApiHelper.swift in Sources */ = {isa = PBXBuildFile; fileRef = 4F3BC5CC20A218060048FB1F /* ApiHelper.swift */; };
		4F3BC5DA20A21D890048FB1F /* userdix.png in Resources */ = {isa = PBXBuildFile; fileRef = 4F3BC5CE20A21D860048FB1F /* userdix.png */; };
		4F3BC5DB20A21D890048FB1F /* fav.png in Resources */ = {isa = PBXBuildFile; fileRef = 4F3BC5CF20A21D870048FB1F /* fav.png */; };
		4F3BC5DC20A21D890048FB1F /* preference.png in Resources */ = {isa = PBXBuildFile; fileRef = 4F3BC5D020A21D870048FB1F /* preference.png */; };
		4F3BC5DD20A21D890048FB1F /* search.png in Resources */ = {isa = PBXBuildFile; fileRef = 4F3BC5D120A21D870048FB1F /* search.png */; };
		4F3BC5DE20A21D890048FB1F /* usertrente.png in Resources */ = {isa = PBXBuildFile; fileRef = 4F3BC5D220A21D870048FB1F /* usertrente.png */; };
		4F3BC5DF20A21D890048FB1F /* userquinze.png in Resources */ = {isa = PBXBuildFile; fileRef = 4F3BC5D320A21D880048FB1F /* userquinze.png */; };
		4F3BC5E020A21D890048FB1F /* back.png in Resources */ = {isa = PBXBuildFile; fileRef = 4F3BC5D420A21D880048FB1F /* back.png */; };
		4F3BC5E120A21D890048FB1F /* usercinq.png in Resources */ = {isa = PBXBuildFile; fileRef = 4F3BC5D520A21D880048FB1F /* usercinq.png */; };
		4F3BC5E220A21D890048FB1F /* srch.png in Resources */ = {isa = PBXBuildFile; fileRef = 4F3BC5D620A21D880048FB1F /* srch.png */; };
		4F3BC5E320A21D890048FB1F /* usercinqante.png in Resources */ = {isa = PBXBuildFile; fileRef = 4F3BC5D720A21D880048FB1F /* usercinqante.png */; };
		4F3BC5E420A21D890048FB1F /* favorite.png in Resources */ = {isa = PBXBuildFile; fileRef = 4F3BC5D820A21D880048FB1F /* favorite.png */; };
		4F3BC5E520A21D890048FB1F /* pref.png in Resources */ = {isa = PBXBuildFile; fileRef = 4F3BC5D920A21D890048FB1F /* pref.png */; };
		4FA21A8C20A9E548007B5C85 /* videojudo.png in Resources */ = {isa = PBXBuildFile; fileRef = 4FA21A8620A9E545007B5C85 /* videojudo.png */; };
		4FA21A8D20A9E548007B5C85 /* calendar.png in Resources */ = {isa = PBXBuildFile; fileRef = 4FA21A8720A9E546007B5C85 /* calendar.png */; };
		4FA21A8E20A9E548007B5C85 /* boutique_icon.png in Resources */ = {isa = PBXBuildFile; fileRef = 4FA21A8820A9E546007B5C85 /* boutique_icon.png */; };
		4FA21A9420B46070007B5C85 /* LoginSignupVC.swift in Sources */ = {isa = PBXBuildFile; fileRef = 4FA21A9320B46070007B5C85 /* LoginSignupVC.swift */; };
		4FB0A2FC20BC331800148CDD /* SignUpVC.swift in Sources */ = {isa = PBXBuildFile; fileRef = 4FB0A2FB20BC331800148CDD /* SignUpVC.swift */; };
		4FB1CB2620A626D300C4EA75 /* VideoTableViewController.swift in Sources */ = {isa = PBXBuildFile; fileRef = 4FB1CB2520A626D300C4EA75 /* VideoTableViewController.swift */; };
		4FB1CB2820A6271A00C4EA75 /* VideoTableViewCell.swift in Sources */ = {isa = PBXBuildFile; fileRef = 4FB1CB2720A6271A00C4EA75 /* VideoTableViewCell.swift */; };
		4FB1CB2D20A6319D00C4EA75 /* ShareActivityItemProvider.swift in Sources */ = {isa = PBXBuildFile; fileRef = 4FB1CB2C20A6319D00C4EA75 /* ShareActivityItemProvider.swift */; };
		4FB1CB2F20A631E100C4EA75 /* UIView+DMAdditions.swift in Sources */ = {isa = PBXBuildFile; fileRef = 4FB1CB2E20A631E100C4EA75 /* UIView+DMAdditions.swift */; };
		4FB1CB3120A6322B00C4EA75 /* VideoPlayerViewController.swift in Sources */ = {isa = PBXBuildFile; fileRef = 4FB1CB3020A6322B00C4EA75 /* VideoPlayerViewController.swift */; };
		4FB1CB3320A6667600C4EA75 /* User.swift in Sources */ = {isa = PBXBuildFile; fileRef = 4FB1CB3220A6667500C4EA75 /* User.swift */; };
		4FB1CB3520A666FC00C4EA75 /* StatsTableViewCell.swift in Sources */ = {isa = PBXBuildFile; fileRef = 4FB1CB3420A666FC00C4EA75 /* StatsTableViewCell.swift */; };
		4FB1CB3720A6672A00C4EA75 /* StatsTableViewController.swift in Sources */ = {isa = PBXBuildFile; fileRef = 4FB1CB3620A6672A00C4EA75 /* StatsTableViewController.swift */; };
		4FB20A4D20A39954004FBB81 /* PostTableViewCell.swift in Sources */ = {isa = PBXBuildFile; fileRef = 4FB20A4C20A39954004FBB81 /* PostTableViewCell.swift */; };
		4FB20A5320A39A56004FBB81 /* video.png in Resources */ = {isa = PBXBuildFile; fileRef = 4FB20A5020A39A55004FBB81 /* video.png */; };
		4FB20A5420A39A56004FBB81 /* stats.png in Resources */ = {isa = PBXBuildFile; fileRef = 4FB20A5120A39A56004FBB81 /* stats.png */; };
		4FB20A5520A39A56004FBB81 /* news.png in Resources */ = {isa = PBXBuildFile; fileRef = 4FB20A5220A39A56004FBB81 /* news.png */; };
		4FB20A5720A39AF2004FBB81 /* Video.swift in Sources */ = {isa = PBXBuildFile; fileRef = 4FB20A5620A39AF2004FBB81 /* Video.swift */; };
		4FB72BF920A08A4700AD3FCB /* AppDelegate.swift in Sources */ = {isa = PBXBuildFile; fileRef = 4FB72BF820A08A4700AD3FCB /* AppDelegate.swift */; };
		4FB72BFB20A08A4700AD3FCB /* PostViewController.swift in Sources */ = {isa = PBXBuildFile; fileRef = 4FB72BFA20A08A4700AD3FCB /* PostViewController.swift */; };
		4FB72BFE20A08A4700AD3FCB /* Main.storyboard in Resources */ = {isa = PBXBuildFile; fileRef = 4FB72BFC20A08A4700AD3FCB /* Main.storyboard */; };
		4FB72C0120A08A4700AD3FCB /* JudoCanadaMobileAppiOS.xcdatamodeld in Sources */ = {isa = PBXBuildFile; fileRef = 4FB72BFF20A08A4700AD3FCB /* JudoCanadaMobileAppiOS.xcdatamodeld */; };
		4FB72C0320A08A4900AD3FCB /* Assets.xcassets in Resources */ = {isa = PBXBuildFile; fileRef = 4FB72C0220A08A4900AD3FCB /* Assets.xcassets */; };
		4FB72C0620A08A4900AD3FCB /* LaunchScreen.storyboard in Resources */ = {isa = PBXBuildFile; fileRef = 4FB72C0420A08A4900AD3FCB /* LaunchScreen.storyboard */; };
		4FB72C1120A08A4900AD3FCB /* JudoCanadaMobileAppiOSTests.swift in Sources */ = {isa = PBXBuildFile; fileRef = 4FB72C1020A08A4900AD3FCB /* JudoCanadaMobileAppiOSTests.swift */; };
		4FB72C1C20A090D800AD3FCB /* logo.png in Resources */ = {isa = PBXBuildFile; fileRef = 4FB72C1B20A090D800AD3FCB /* logo.png */; };
		4FB72C1F20A09FEF00AD3FCB /* ApiManager.swift in Sources */ = {isa = PBXBuildFile; fileRef = 4FB72C1E20A09FEF00AD3FCB /* ApiManager.swift */; };
		4FB72C2120A0B96000AD3FCB /* Post.swift in Sources */ = {isa = PBXBuildFile; fileRef = 4FB72C2020A0B96000AD3FCB /* Post.swift */; };
		4FB72C2520A0C72A00AD3FCB /* PostTableViewController.swift in Sources */ = {isa = PBXBuildFile; fileRef = 4FB72C2420A0C72A00AD3FCB /* PostTableViewController.swift */; };
		4FB72C2B20A0EDE200AD3FCB /* ColorTheme.swift in Sources */ = {isa = PBXBuildFile; fileRef = 4FB72C2A20A0EDE200AD3FCB /* ColorTheme.swift */; };
		BEC8E36157944A64427007A1 /* Pods_JudoCanadaMobileAppiOSTests.framework in Frameworks */ = {isa = PBXBuildFile; fileRef = E9057D73AC81908EA95A1CF4 /* Pods_JudoCanadaMobileAppiOSTests.framework */; };
		E20E13C1866EE90E23CC24B6 /* Pods_JudoCanadaMobileAppiOS.framework in Frameworks */ = {isa = PBXBuildFile; fileRef = 9DE4C0B6DCAC4CC8C1CED8AC /* Pods_JudoCanadaMobileAppiOS.framework */; };
/* End PBXBuildFile section */

/* Begin PBXContainerItemProxy section */
		4FB72C0D20A08A4900AD3FCB /* PBXContainerItemProxy */ = {
			isa = PBXContainerItemProxy;
			containerPortal = 4FB72BED20A08A4700AD3FCB /* Project object */;
			proxyType = 1;
			remoteGlobalIDString = 4FB72BF420A08A4700AD3FCB;
			remoteInfo = JudoCanadaMobileAppiOS;
		};
/* End PBXContainerItemProxy section */

/* Begin PBXFileReference section */
		02F542E0685F9A9A3077CBC9 /* Pods-JudoCanadaMobileAppiOS.debug.xcconfig */ = {isa = PBXFileReference; includeInIndex = 1; lastKnownFileType = text.xcconfig; name = "Pods-JudoCanadaMobileAppiOS.debug.xcconfig"; path = "Pods/Target Support Files/Pods-JudoCanadaMobileAppiOS/Pods-JudoCanadaMobileAppiOS.debug.xcconfig"; sourceTree = "<group>"; };
		4F3BC5CC20A218060048FB1F /* ApiHelper.swift */ = {isa = PBXFileReference; lastKnownFileType = sourcecode.swift; path = ApiHelper.swift; sourceTree = "<group>"; };
		4F3BC5CE20A21D860048FB1F /* userdix.png */ = {isa = PBXFileReference; lastKnownFileType = image.png; path = userdix.png; sourceTree = "<group>"; };
		4F3BC5CF20A21D870048FB1F /* fav.png */ = {isa = PBXFileReference; lastKnownFileType = image.png; path = fav.png; sourceTree = "<group>"; };
		4F3BC5D020A21D870048FB1F /* preference.png */ = {isa = PBXFileReference; lastKnownFileType = image.png; path = preference.png; sourceTree = "<group>"; };
		4F3BC5D120A21D870048FB1F /* search.png */ = {isa = PBXFileReference; lastKnownFileType = image.png; path = search.png; sourceTree = "<group>"; };
		4F3BC5D220A21D870048FB1F /* usertrente.png */ = {isa = PBXFileReference; lastKnownFileType = image.png; path = usertrente.png; sourceTree = "<group>"; };
		4F3BC5D320A21D880048FB1F /* userquinze.png */ = {isa = PBXFileReference; lastKnownFileType = image.png; path = userquinze.png; sourceTree = "<group>"; };
		4F3BC5D420A21D880048FB1F /* back.png */ = {isa = PBXFileReference; lastKnownFileType = image.png; path = back.png; sourceTree = "<group>"; };
		4F3BC5D520A21D880048FB1F /* usercinq.png */ = {isa = PBXFileReference; lastKnownFileType = image.png; path = usercinq.png; sourceTree = "<group>"; };
		4F3BC5D620A21D880048FB1F /* srch.png */ = {isa = PBXFileReference; lastKnownFileType = image.png; path = srch.png; sourceTree = "<group>"; };
		4F3BC5D720A21D880048FB1F /* usercinqante.png */ = {isa = PBXFileReference; lastKnownFileType = image.png; path = usercinqante.png; sourceTree = "<group>"; };
		4F3BC5D820A21D880048FB1F /* favorite.png */ = {isa = PBXFileReference; lastKnownFileType = image.png; path = favorite.png; sourceTree = "<group>"; };
		4F3BC5D920A21D890048FB1F /* pref.png */ = {isa = PBXFileReference; lastKnownFileType = image.png; path = pref.png; sourceTree = "<group>"; };
		4FA21A8620A9E545007B5C85 /* videojudo.png */ = {isa = PBXFileReference; lastKnownFileType = image.png; path = videojudo.png; sourceTree = "<group>"; };
		4FA21A8720A9E546007B5C85 /* calendar.png */ = {isa = PBXFileReference; lastKnownFileType = image.png; path = calendar.png; sourceTree = "<group>"; };
		4FA21A8820A9E546007B5C85 /* boutique_icon.png */ = {isa = PBXFileReference; lastKnownFileType = image.png; path = boutique_icon.png; sourceTree = "<group>"; };
		4FA21A9320B46070007B5C85 /* LoginSignupVC.swift */ = {isa = PBXFileReference; lastKnownFileType = sourcecode.swift; path = LoginSignupVC.swift; sourceTree = "<group>"; };
		4FB0A2FB20BC331800148CDD /* SignUpVC.swift */ = {isa = PBXFileReference; lastKnownFileType = sourcecode.swift; path = SignUpVC.swift; sourceTree = "<group>"; };
		4FB1CB2520A626D300C4EA75 /* VideoTableViewController.swift */ = {isa = PBXFileReference; lastKnownFileType = sourcecode.swift; path = VideoTableViewController.swift; sourceTree = "<group>"; };
		4FB1CB2720A6271A00C4EA75 /* VideoTableViewCell.swift */ = {isa = PBXFileReference; lastKnownFileType = sourcecode.swift; path = VideoTableViewCell.swift; sourceTree = "<group>"; };
		4FB1CB2C20A6319D00C4EA75 /* ShareActivityItemProvider.swift */ = {isa = PBXFileReference; lastKnownFileType = sourcecode.swift; path = ShareActivityItemProvider.swift; sourceTree = "<group>"; };
		4FB1CB2E20A631E100C4EA75 /* UIView+DMAdditions.swift */ = {isa = PBXFileReference; lastKnownFileType = sourcecode.swift; path = "UIView+DMAdditions.swift"; sourceTree = "<group>"; };
		4FB1CB3020A6322B00C4EA75 /* VideoPlayerViewController.swift */ = {isa = PBXFileReference; lastKnownFileType = sourcecode.swift; path = VideoPlayerViewController.swift; sourceTree = "<group>"; };
		4FB1CB3220A6667500C4EA75 /* User.swift */ = {isa = PBXFileReference; lastKnownFileType = sourcecode.swift; path = User.swift; sourceTree = "<group>"; };
		4FB1CB3420A666FC00C4EA75 /* StatsTableViewCell.swift */ = {isa = PBXFileReference; lastKnownFileType = sourcecode.swift; path = StatsTableViewCell.swift; sourceTree = "<group>"; };
		4FB1CB3620A6672A00C4EA75 /* StatsTableViewController.swift */ = {isa = PBXFileReference; lastKnownFileType = sourcecode.swift; path = StatsTableViewController.swift; sourceTree = "<group>"; };
		4FB20A4C20A39954004FBB81 /* PostTableViewCell.swift */ = {isa = PBXFileReference; lastKnownFileType = sourcecode.swift; name = PostTableViewCell.swift; path = /Users/lspoulin/dev/JudoCanadaMobileAppiOS/JudoCanadaMobileAppiOS/PostTableViewCell.swift; sourceTree = "<absolute>"; };
		4FB20A5020A39A55004FBB81 /* video.png */ = {isa = PBXFileReference; lastKnownFileType = image.png; name = video.png; path = ../../../JudoCanadaMobileAppAndroid/app/src/main/res/drawable/video.png; sourceTree = "<group>"; };
		4FB20A5120A39A56004FBB81 /* stats.png */ = {isa = PBXFileReference; lastKnownFileType = image.png; name = stats.png; path = ../../../JudoCanadaMobileAppAndroid/app/src/main/res/drawable/stats.png; sourceTree = "<group>"; };
		4FB20A5220A39A56004FBB81 /* news.png */ = {isa = PBXFileReference; lastKnownFileType = image.png; path = news.png; sourceTree = "<group>"; };
		4FB20A5620A39AF2004FBB81 /* Video.swift */ = {isa = PBXFileReference; fileEncoding = 4; lastKnownFileType = sourcecode.swift; path = Video.swift; sourceTree = "<group>"; };
		4FB72BF520A08A4700AD3FCB /* JudoCanadaMobileAppiOS.app */ = {isa = PBXFileReference; explicitFileType = wrapper.application; includeInIndex = 0; path = JudoCanadaMobileAppiOS.app; sourceTree = BUILT_PRODUCTS_DIR; };
		4FB72BF820A08A4700AD3FCB /* AppDelegate.swift */ = {isa = PBXFileReference; lastKnownFileType = sourcecode.swift; path = AppDelegate.swift; sourceTree = "<group>"; };
		4FB72BFA20A08A4700AD3FCB /* PostViewController.swift */ = {isa = PBXFileReference; lastKnownFileType = sourcecode.swift; path = PostViewController.swift; sourceTree = "<group>"; };
		4FB72BFD20A08A4700AD3FCB /* Base */ = {isa = PBXFileReference; lastKnownFileType = file.storyboard; name = Base; path = Base.lproj/Main.storyboard; sourceTree = "<group>"; };
		4FB72C0020A08A4700AD3FCB /* JudoCanadaMobileAppiOS.xcdatamodel */ = {isa = PBXFileReference; lastKnownFileType = wrapper.xcdatamodel; path = JudoCanadaMobileAppiOS.xcdatamodel; sourceTree = "<group>"; };
		4FB72C0220A08A4900AD3FCB /* Assets.xcassets */ = {isa = PBXFileReference; lastKnownFileType = folder.assetcatalog; path = Assets.xcassets; sourceTree = "<group>"; };
		4FB72C0520A08A4900AD3FCB /* Base */ = {isa = PBXFileReference; lastKnownFileType = file.storyboard; name = Base; path = Base.lproj/LaunchScreen.storyboard; sourceTree = "<group>"; };
		4FB72C0720A08A4900AD3FCB /* Info.plist */ = {isa = PBXFileReference; lastKnownFileType = text.plist.xml; path = Info.plist; sourceTree = "<group>"; };
		4FB72C0C20A08A4900AD3FCB /* JudoCanadaMobileAppiOSTests.xctest */ = {isa = PBXFileReference; explicitFileType = wrapper.cfbundle; includeInIndex = 0; path = JudoCanadaMobileAppiOSTests.xctest; sourceTree = BUILT_PRODUCTS_DIR; };
		4FB72C1020A08A4900AD3FCB /* JudoCanadaMobileAppiOSTests.swift */ = {isa = PBXFileReference; lastKnownFileType = sourcecode.swift; path = JudoCanadaMobileAppiOSTests.swift; sourceTree = "<group>"; };
		4FB72C1220A08A4900AD3FCB /* Info.plist */ = {isa = PBXFileReference; lastKnownFileType = text.plist.xml; path = Info.plist; sourceTree = "<group>"; };
		4FB72C1B20A090D800AD3FCB /* logo.png */ = {isa = PBXFileReference; lastKnownFileType = image.png; path = logo.png; sourceTree = "<group>"; };
		4FB72C1E20A09FEF00AD3FCB /* ApiManager.swift */ = {isa = PBXFileReference; lastKnownFileType = sourcecode.swift; path = ApiManager.swift; sourceTree = "<group>"; };
		4FB72C2020A0B96000AD3FCB /* Post.swift */ = {isa = PBXFileReference; lastKnownFileType = sourcecode.swift; path = Post.swift; sourceTree = "<group>"; };
		4FB72C2420A0C72A00AD3FCB /* PostTableViewController.swift */ = {isa = PBXFileReference; lastKnownFileType = sourcecode.swift; path = PostTableViewController.swift; sourceTree = "<group>"; };
		4FB72C2A20A0EDE200AD3FCB /* ColorTheme.swift */ = {isa = PBXFileReference; lastKnownFileType = sourcecode.swift; path = ColorTheme.swift; sourceTree = "<group>"; };
		5A80F717F2556C38AAF7B8CF /* Pods-JudoCanadaMobileAppiOSTests.debug.xcconfig */ = {isa = PBXFileReference; includeInIndex = 1; lastKnownFileType = text.xcconfig; name = "Pods-JudoCanadaMobileAppiOSTests.debug.xcconfig"; path = "Pods/Target Support Files/Pods-JudoCanadaMobileAppiOSTests/Pods-JudoCanadaMobileAppiOSTests.debug.xcconfig"; sourceTree = "<group>"; };
		6BB3CAC334B91DF456D68BE8 /* Pods-JudoCanadaMobileAppiOSTests.release.xcconfig */ = {isa = PBXFileReference; includeInIndex = 1; lastKnownFileType = text.xcconfig; name = "Pods-JudoCanadaMobileAppiOSTests.release.xcconfig"; path = "Pods/Target Support Files/Pods-JudoCanadaMobileAppiOSTests/Pods-JudoCanadaMobileAppiOSTests.release.xcconfig"; sourceTree = "<group>"; };
		9DE4C0B6DCAC4CC8C1CED8AC /* Pods_JudoCanadaMobileAppiOS.framework */ = {isa = PBXFileReference; explicitFileType = wrapper.framework; includeInIndex = 0; path = Pods_JudoCanadaMobileAppiOS.framework; sourceTree = BUILT_PRODUCTS_DIR; };
		DDEC53394C871E621C138666 /* Pods-JudoCanadaMobileAppiOS.release.xcconfig */ = {isa = PBXFileReference; includeInIndex = 1; lastKnownFileType = text.xcconfig; name = "Pods-JudoCanadaMobileAppiOS.release.xcconfig"; path = "Pods/Target Support Files/Pods-JudoCanadaMobileAppiOS/Pods-JudoCanadaMobileAppiOS.release.xcconfig"; sourceTree = "<group>"; };
		E9057D73AC81908EA95A1CF4 /* Pods_JudoCanadaMobileAppiOSTests.framework */ = {isa = PBXFileReference; explicitFileType = wrapper.framework; includeInIndex = 0; path = Pods_JudoCanadaMobileAppiOSTests.framework; sourceTree = BUILT_PRODUCTS_DIR; };
/* End PBXFileReference section */

/* Begin PBXFrameworksBuildPhase section */
		4FB72BF220A08A4700AD3FCB /* Frameworks */ = {
			isa = PBXFrameworksBuildPhase;
			buildActionMask = 2147483647;
			files = (
				E20E13C1866EE90E23CC24B6 /* Pods_JudoCanadaMobileAppiOS.framework in Frameworks */,
			);
			runOnlyForDeploymentPostprocessing = 0;
		};
		4FB72C0920A08A4900AD3FCB /* Frameworks */ = {
			isa = PBXFrameworksBuildPhase;
			buildActionMask = 2147483647;
			files = (
				BEC8E36157944A64427007A1 /* Pods_JudoCanadaMobileAppiOSTests.framework in Frameworks */,
			);
			runOnlyForDeploymentPostprocessing = 0;
		};
/* End PBXFrameworksBuildPhase section */

/* Begin PBXGroup section */
		4FA21A9220B46045007B5C85 /* Registration */ = {
			isa = PBXGroup;
			children = (
				4FA21A9320B46070007B5C85 /* LoginSignupVC.swift */,
				4FB0A2FB20BC331800148CDD /* SignUpVC.swift */,
			);
			name = Registration;
			sourceTree = "<group>";
		};
		4FB1CB2B20A62EE900C4EA75 /* Stats */ = {
			isa = PBXGroup;
			children = (
				4FB1CB3420A666FC00C4EA75 /* StatsTableViewCell.swift */,
				4FB1CB3620A6672A00C4EA75 /* StatsTableViewController.swift */,
			);
			name = Stats;
			sourceTree = "<group>";
		};
		4FB20A5820A39B77004FBB81 /* Post */ = {
			isa = PBXGroup;
			children = (
				4FB20A4C20A39954004FBB81 /* PostTableViewCell.swift */,
				4FB72C2420A0C72A00AD3FCB /* PostTableViewController.swift */,
				4FB72BFA20A08A4700AD3FCB /* PostViewController.swift */,
			);
			name = Post;
			sourceTree = "<group>";
		};
		4FB20A5920A39B8E004FBB81 /* Video */ = {
			isa = PBXGroup;
			children = (
				4FB1CB2520A626D300C4EA75 /* VideoTableViewController.swift */,
				4FB1CB2720A6271A00C4EA75 /* VideoTableViewCell.swift */,
				4FB1CB2C20A6319D00C4EA75 /* ShareActivityItemProvider.swift */,
				4FB1CB2E20A631E100C4EA75 /* UIView+DMAdditions.swift */,
				4FB1CB3020A6322B00C4EA75 /* VideoPlayerViewController.swift */,
			);
			name = Video;
			sourceTree = "<group>";
		};
		4FB72BEC20A08A4700AD3FCB = {
			isa = PBXGroup;
			children = (
				4FB72BF720A08A4700AD3FCB /* JudoCanadaMobileAppiOS */,
				4FB72C0F20A08A4900AD3FCB /* JudoCanadaMobileAppiOSTests */,
				4FB72BF620A08A4700AD3FCB /* Products */,
				EE9A7CF2AD767E49E28448B7 /* Pods */,
				669BD0DE377240846763C8E2 /* Frameworks */,
			);
			sourceTree = "<group>";
		};
		4FB72BF620A08A4700AD3FCB /* Products */ = {
			isa = PBXGroup;
			children = (
				4FB72BF520A08A4700AD3FCB /* JudoCanadaMobileAppiOS.app */,
				4FB72C0C20A08A4900AD3FCB /* JudoCanadaMobileAppiOSTests.xctest */,
			);
			name = Products;
			sourceTree = "<group>";
		};
		4FB72BF720A08A4700AD3FCB /* JudoCanadaMobileAppiOS */ = {
			isa = PBXGroup;
			children = (
				4FB72C3320A0F4A400AD3FCB /* Model */,
				4FB72C3120A0F46300AD3FCB /* Utilities */,
				4FB72C3020A0F41F00AD3FCB /* Controller */,
				4FB72C2F20A0F3E500AD3FCB /* UIGroup */,
				4FB72C1D20A090EE00AD3FCB /* images */,
				4FB72C0720A08A4900AD3FCB /* Info.plist */,
				4FB72C0220A08A4900AD3FCB /* Assets.xcassets */,
				4FB72BFF20A08A4700AD3FCB /* JudoCanadaMobileAppiOS.xcdatamodeld */,
			);
			path = JudoCanadaMobileAppiOS;
			sourceTree = "<group>";
		};
		4FB72C0F20A08A4900AD3FCB /* JudoCanadaMobileAppiOSTests */ = {
			isa = PBXGroup;
			children = (
				4FB72C1020A08A4900AD3FCB /* JudoCanadaMobileAppiOSTests.swift */,
				4FB72C1220A08A4900AD3FCB /* Info.plist */,
			);
			path = JudoCanadaMobileAppiOSTests;
			sourceTree = "<group>";
		};
		4FB72C1D20A090EE00AD3FCB /* images */ = {
			isa = PBXGroup;
			children = (
				4FA21A8820A9E546007B5C85 /* boutique_icon.png */,
				4FA21A8720A9E546007B5C85 /* calendar.png */,
				4FA21A8620A9E545007B5C85 /* videojudo.png */,
				4FB20A5220A39A56004FBB81 /* news.png */,
				4FB20A5120A39A56004FBB81 /* stats.png */,
				4FB20A5020A39A55004FBB81 /* video.png */,
				4F3BC5D420A21D880048FB1F /* back.png */,
				4F3BC5CF20A21D870048FB1F /* fav.png */,
				4F3BC5D820A21D880048FB1F /* favorite.png */,
				4F3BC5D920A21D890048FB1F /* pref.png */,
				4F3BC5D020A21D870048FB1F /* preference.png */,
				4F3BC5D120A21D870048FB1F /* search.png */,
				4F3BC5D620A21D880048FB1F /* srch.png */,
				4F3BC5D520A21D880048FB1F /* usercinq.png */,
				4F3BC5D720A21D880048FB1F /* usercinqante.png */,
				4F3BC5CE20A21D860048FB1F /* userdix.png */,
				4F3BC5D320A21D880048FB1F /* userquinze.png */,
				4F3BC5D220A21D870048FB1F /* usertrente.png */,
				4FB72C1B20A090D800AD3FCB /* logo.png */,
			);
			path = images;
			sourceTree = "<group>";
		};
		4FB72C2F20A0F3E500AD3FCB /* UIGroup */ = {
			isa = PBXGroup;
			children = (
				4FB72BFC20A08A4700AD3FCB /* Main.storyboard */,
				4FB72C0420A08A4900AD3FCB /* LaunchScreen.storyboard */,
			);
			name = UIGroup;
			sourceTree = "<group>";
		};
		4FB72C3020A0F41F00AD3FCB /* Controller */ = {
			isa = PBXGroup;
			children = (
				4FA21A9220B46045007B5C85 /* Registration */,
				4FB1CB2B20A62EE900C4EA75 /* Stats */,
				4FB20A5920A39B8E004FBB81 /* Video */,
				4FB20A5820A39B77004FBB81 /* Post */,
				4FB72BF820A08A4700AD3FCB /* AppDelegate.swift */,
			);
			name = Controller;
			sourceTree = "<group>";
		};
		4FB72C3120A0F46300AD3FCB /* Utilities */ = {
			isa = PBXGroup;
			children = (
				4FB72C1E20A09FEF00AD3FCB /* ApiManager.swift */,
				4F3BC5CC20A218060048FB1F /* ApiHelper.swift */,
				4FB72C2A20A0EDE200AD3FCB /* ColorTheme.swift */,
			);
			name = Utilities;
			sourceTree = "<group>";
		};
		4FB72C3320A0F4A400AD3FCB /* Model */ = {
			isa = PBXGroup;
			children = (
				4FB20A5620A39AF2004FBB81 /* Video.swift */,
				4FB72C2020A0B96000AD3FCB /* Post.swift */,
				4FB1CB3220A6667500C4EA75 /* User.swift */,
			);
			name = Model;
			sourceTree = "<group>";
		};
		669BD0DE377240846763C8E2 /* Frameworks */ = {
			isa = PBXGroup;
			children = (
				9DE4C0B6DCAC4CC8C1CED8AC /* Pods_JudoCanadaMobileAppiOS.framework */,
				E9057D73AC81908EA95A1CF4 /* Pods_JudoCanadaMobileAppiOSTests.framework */,
			);
			name = Frameworks;
			sourceTree = "<group>";
		};
		EE9A7CF2AD767E49E28448B7 /* Pods */ = {
			isa = PBXGroup;
			children = (
				02F542E0685F9A9A3077CBC9 /* Pods-JudoCanadaMobileAppiOS.debug.xcconfig */,
				DDEC53394C871E621C138666 /* Pods-JudoCanadaMobileAppiOS.release.xcconfig */,
				5A80F717F2556C38AAF7B8CF /* Pods-JudoCanadaMobileAppiOSTests.debug.xcconfig */,
				6BB3CAC334B91DF456D68BE8 /* Pods-JudoCanadaMobileAppiOSTests.release.xcconfig */,
			);
			name = Pods;
			sourceTree = "<group>";
		};
/* End PBXGroup section */

/* Begin PBXNativeTarget section */
		4FB72BF420A08A4700AD3FCB /* JudoCanadaMobileAppiOS */ = {
			isa = PBXNativeTarget;
			buildConfigurationList = 4FB72C1520A08A4900AD3FCB /* Build configuration list for PBXNativeTarget "JudoCanadaMobileAppiOS" */;
			buildPhases = (
				134B6A695FD3DCA37C051972 /* [CP] Check Pods Manifest.lock */,
				4FB72BF120A08A4700AD3FCB /* Sources */,
				4FB72BF220A08A4700AD3FCB /* Frameworks */,
				4FB72BF320A08A4700AD3FCB /* Resources */,
				942BF7B5CCC4043BBD39A72E /* [CP] Embed Pods Frameworks */,
			);
			buildRules = (
			);
			dependencies = (
			);
			name = JudoCanadaMobileAppiOS;
			productName = JudoCanadaMobileAppiOS;
			productReference = 4FB72BF520A08A4700AD3FCB /* JudoCanadaMobileAppiOS.app */;
			productType = "com.apple.product-type.application";
		};
		4FB72C0B20A08A4900AD3FCB /* JudoCanadaMobileAppiOSTests */ = {
			isa = PBXNativeTarget;
			buildConfigurationList = 4FB72C1820A08A4900AD3FCB /* Build configuration list for PBXNativeTarget "JudoCanadaMobileAppiOSTests" */;
			buildPhases = (
				4F6BE3CFF56C62CD4429F4FA /* [CP] Check Pods Manifest.lock */,
				4FB72C0820A08A4900AD3FCB /* Sources */,
				4FB72C0920A08A4900AD3FCB /* Frameworks */,
				4FB72C0A20A08A4900AD3FCB /* Resources */,
			);
			buildRules = (
			);
			dependencies = (
				4FB72C0E20A08A4900AD3FCB /* PBXTargetDependency */,
			);
			name = JudoCanadaMobileAppiOSTests;
			productName = JudoCanadaMobileAppiOSTests;
			productReference = 4FB72C0C20A08A4900AD3FCB /* JudoCanadaMobileAppiOSTests.xctest */;
			productType = "com.apple.product-type.bundle.unit-test";
		};
/* End PBXNativeTarget section */

/* Begin PBXProject section */
		4FB72BED20A08A4700AD3FCB /* Project object */ = {
			isa = PBXProject;
			attributes = {
				LastSwiftUpdateCheck = 0930;
				LastUpgradeCheck = 0930;
				ORGANIZATIONNAME = "Louis-Simon Poulin";
				TargetAttributes = {
					4FB72BF420A08A4700AD3FCB = {
						CreatedOnToolsVersion = 9.3;
					};
					4FB72C0B20A08A4900AD3FCB = {
						CreatedOnToolsVersion = 9.3;
						TestTargetID = 4FB72BF420A08A4700AD3FCB;
					};
				};
			};
			buildConfigurationList = 4FB72BF020A08A4700AD3FCB /* Build configuration list for PBXProject "JudoCanadaMobileAppiOS" */;
			compatibilityVersion = "Xcode 9.3";
			developmentRegion = en;
			hasScannedForEncodings = 0;
			knownRegions = (
				en,
				Base,
			);
			mainGroup = 4FB72BEC20A08A4700AD3FCB;
			productRefGroup = 4FB72BF620A08A4700AD3FCB /* Products */;
			projectDirPath = "";
			projectRoot = "";
			targets = (
				4FB72BF420A08A4700AD3FCB /* JudoCanadaMobileAppiOS */,
				4FB72C0B20A08A4900AD3FCB /* JudoCanadaMobileAppiOSTests */,
			);
		};
/* End PBXProject section */

/* Begin PBXResourcesBuildPhase section */
		4FB72BF320A08A4700AD3FCB /* Resources */ = {
			isa = PBXResourcesBuildPhase;
			buildActionMask = 2147483647;
			files = (
				4F3BC5DF20A21D890048FB1F /* userquinze.png in Resources */,
				4FB20A5420A39A56004FBB81 /* stats.png in Resources */,
				4F3BC5E420A21D890048FB1F /* favorite.png in Resources */,
				4FB72C1C20A090D800AD3FCB /* logo.png in Resources */,
				4F3BC5DC20A21D890048FB1F /* preference.png in Resources */,
				4FA21A8C20A9E548007B5C85 /* videojudo.png in Resources */,
				4FB72C0620A08A4900AD3FCB /* LaunchScreen.storyboard in Resources */,
				4FA21A8D20A9E548007B5C85 /* calendar.png in Resources */,
				4F3BC5DD20A21D890048FB1F /* search.png in Resources */,
				4F3BC5E320A21D890048FB1F /* usercinqante.png in Resources */,
				4F3BC5E120A21D890048FB1F /* usercinq.png in Resources */,
				4F3BC5E520A21D890048FB1F /* pref.png in Resources */,
				4F3BC5DA20A21D890048FB1F /* userdix.png in Resources */,
				4FB20A5320A39A56004FBB81 /* video.png in Resources */,
				4FA21A8E20A9E548007B5C85 /* boutique_icon.png in Resources */,
				4FB20A5520A39A56004FBB81 /* news.png in Resources */,
				4F3BC5DB20A21D890048FB1F /* fav.png in Resources */,
				4F3BC5E220A21D890048FB1F /* srch.png in Resources */,
				4F3BC5E020A21D890048FB1F /* back.png in Resources */,
				4FB72C0320A08A4900AD3FCB /* Assets.xcassets in Resources */,
				4F3BC5DE20A21D890048FB1F /* usertrente.png in Resources */,
				4FB72BFE20A08A4700AD3FCB /* Main.storyboard in Resources */,
			);
			runOnlyForDeploymentPostprocessing = 0;
		};
		4FB72C0A20A08A4900AD3FCB /* Resources */ = {
			isa = PBXResourcesBuildPhase;
			buildActionMask = 2147483647;
			files = (
			);
			runOnlyForDeploymentPostprocessing = 0;
		};
/* End PBXResourcesBuildPhase section */

/* Begin PBXShellScriptBuildPhase section */
		134B6A695FD3DCA37C051972 /* [CP] Check Pods Manifest.lock */ = {
			isa = PBXShellScriptBuildPhase;
			buildActionMask = 2147483647;
			files = (
			);
			inputPaths = (
				"${PODS_PODFILE_DIR_PATH}/Podfile.lock",
				"${PODS_ROOT}/Manifest.lock",
			);
			name = "[CP] Check Pods Manifest.lock";
			outputPaths = (
				"$(DERIVED_FILE_DIR)/Pods-JudoCanadaMobileAppiOS-checkManifestLockResult.txt",
			);
			runOnlyForDeploymentPostprocessing = 0;
			shellPath = /bin/sh;
			shellScript = "diff \"${PODS_PODFILE_DIR_PATH}/Podfile.lock\" \"${PODS_ROOT}/Manifest.lock\" > /dev/null\nif [ $? != 0 ] ; then\n    # print error to STDERR\n    echo \"error: The sandbox is not in sync with the Podfile.lock. Run 'pod install' or update your CocoaPods installation.\" >&2\n    exit 1\nfi\n# This output is used by Xcode 'outputs' to avoid re-running this script phase.\necho \"SUCCESS\" > \"${SCRIPT_OUTPUT_FILE_0}\"\n";
			showEnvVarsInLog = 0;
		};
		4F6BE3CFF56C62CD4429F4FA /* [CP] Check Pods Manifest.lock */ = {
			isa = PBXShellScriptBuildPhase;
			buildActionMask = 2147483647;
			files = (
			);
			inputPaths = (
				"${PODS_PODFILE_DIR_PATH}/Podfile.lock",
				"${PODS_ROOT}/Manifest.lock",
			);
			name = "[CP] Check Pods Manifest.lock";
			outputPaths = (
				"$(DERIVED_FILE_DIR)/Pods-JudoCanadaMobileAppiOSTests-checkManifestLockResult.txt",
			);
			runOnlyForDeploymentPostprocessing = 0;
			shellPath = /bin/sh;
			shellScript = "diff \"${PODS_PODFILE_DIR_PATH}/Podfile.lock\" \"${PODS_ROOT}/Manifest.lock\" > /dev/null\nif [ $? != 0 ] ; then\n    # print error to STDERR\n    echo \"error: The sandbox is not in sync with the Podfile.lock. Run 'pod install' or update your CocoaPods installation.\" >&2\n    exit 1\nfi\n# This output is used by Xcode 'outputs' to avoid re-running this script phase.\necho \"SUCCESS\" > \"${SCRIPT_OUTPUT_FILE_0}\"\n";
			showEnvVarsInLog = 0;
		};
		942BF7B5CCC4043BBD39A72E /* [CP] Embed Pods Frameworks */ = {
			isa = PBXShellScriptBuildPhase;
			buildActionMask = 2147483647;
			files = (
			);
			inputPaths = (
				"${SRCROOT}/Pods/Target Support Files/Pods-JudoCanadaMobileAppiOS/Pods-JudoCanadaMobileAppiOS-frameworks.sh",
				"${BUILT_PRODUCTS_DIR}/Alamofire/Alamofire.framework",
				"${BUILT_PRODUCTS_DIR}/DailymotionPlayerSDK/DailymotionPlayerSDK.framework",
				"${BUILT_PRODUCTS_DIR}/Kingfisher/Kingfisher.framework",
				"${BUILT_PRODUCTS_DIR}/ObjectMapper/ObjectMapper.framework",
			);
			name = "[CP] Embed Pods Frameworks";
			outputPaths = (
				"${TARGET_BUILD_DIR}/${FRAMEWORKS_FOLDER_PATH}/Alamofire.framework",
				"${TARGET_BUILD_DIR}/${FRAMEWORKS_FOLDER_PATH}/DailymotionPlayerSDK.framework",
				"${TARGET_BUILD_DIR}/${FRAMEWORKS_FOLDER_PATH}/Kingfisher.framework",
				"${TARGET_BUILD_DIR}/${FRAMEWORKS_FOLDER_PATH}/ObjectMapper.framework",
			);
			runOnlyForDeploymentPostprocessing = 0;
			shellPath = /bin/sh;
			shellScript = "\"${SRCROOT}/Pods/Target Support Files/Pods-JudoCanadaMobileAppiOS/Pods-JudoCanadaMobileAppiOS-frameworks.sh\"\n";
			showEnvVarsInLog = 0;
		};
/* End PBXShellScriptBuildPhase section */

/* Begin PBXSourcesBuildPhase section */
		4FB72BF120A08A4700AD3FCB /* Sources */ = {
			isa = PBXSourcesBuildPhase;
			buildActionMask = 2147483647;
			files = (
				4FB1CB2620A626D300C4EA75 /* VideoTableViewController.swift in Sources */,
				4FB72C1F20A09FEF00AD3FCB /* ApiManager.swift in Sources */,
				4FB72C2520A0C72A00AD3FCB /* PostTableViewController.swift in Sources */,
				4FB72BFB20A08A4700AD3FCB /* PostViewController.swift in Sources */,
				4FB1CB3320A6667600C4EA75 /* User.swift in Sources */,
				4FB1CB2D20A6319D00C4EA75 /* ShareActivityItemProvider.swift in Sources */,
				4FA21A9420B46070007B5C85 /* LoginSignupVC.swift in Sources */,
				4F3BC5CD20A218060048FB1F /* ApiHelper.swift in Sources */,
				4FB0A2FC20BC331800148CDD /* SignUpVC.swift in Sources */,
				4FB1CB3720A6672A00C4EA75 /* StatsTableViewController.swift in Sources */,
				4FB1CB2820A6271A00C4EA75 /* VideoTableViewCell.swift in Sources */,
				4FB72C0120A08A4700AD3FCB /* JudoCanadaMobileAppiOS.xcdatamodeld in Sources */,
				4FB72BF920A08A4700AD3FCB /* AppDelegate.swift in Sources */,
				4FB20A4D20A39954004FBB81 /* PostTableViewCell.swift in Sources */,
				4FB72C2120A0B96000AD3FCB /* Post.swift in Sources */,
				4FB72C2B20A0EDE200AD3FCB /* ColorTheme.swift in Sources */,
				4FB1CB3120A6322B00C4EA75 /* VideoPlayerViewController.swift in Sources */,
				4FB1CB3520A666FC00C4EA75 /* StatsTableViewCell.swift in Sources */,
				4FB20A5720A39AF2004FBB81 /* Video.swift in Sources */,
				4FB1CB2F20A631E100C4EA75 /* UIView+DMAdditions.swift in Sources */,
			);
			runOnlyForDeploymentPostprocessing = 0;
		};
		4FB72C0820A08A4900AD3FCB /* Sources */ = {
			isa = PBXSourcesBuildPhase;
			buildActionMask = 2147483647;
			files = (
				4FB72C1120A08A4900AD3FCB /* JudoCanadaMobileAppiOSTests.swift in Sources */,
			);
			runOnlyForDeploymentPostprocessing = 0;
		};
/* End PBXSourcesBuildPhase section */

/* Begin PBXTargetDependency section */
		4FB72C0E20A08A4900AD3FCB /* PBXTargetDependency */ = {
			isa = PBXTargetDependency;
			target = 4FB72BF420A08A4700AD3FCB /* JudoCanadaMobileAppiOS */;
			targetProxy = 4FB72C0D20A08A4900AD3FCB /* PBXContainerItemProxy */;
		};
/* End PBXTargetDependency section */

/* Begin PBXVariantGroup section */
		4FB72BFC20A08A4700AD3FCB /* Main.storyboard */ = {
			isa = PBXVariantGroup;
			children = (
				4FB72BFD20A08A4700AD3FCB /* Base */,
			);
			name = Main.storyboard;
			sourceTree = "<group>";
		};
		4FB72C0420A08A4900AD3FCB /* LaunchScreen.storyboard */ = {
			isa = PBXVariantGroup;
			children = (
				4FB72C0520A08A4900AD3FCB /* Base */,
			);
			name = LaunchScreen.storyboard;
			sourceTree = "<group>";
		};
/* End PBXVariantGroup section */

/* Begin XCBuildConfiguration section */
		4FB72C1320A08A4900AD3FCB /* Debug */ = {
			isa = XCBuildConfiguration;
			buildSettings = {
				ALWAYS_SEARCH_USER_PATHS = NO;
				CLANG_ANALYZER_NONNULL = YES;
				CLANG_ANALYZER_NUMBER_OBJECT_CONVERSION = YES_AGGRESSIVE;
				CLANG_CXX_LANGUAGE_STANDARD = "gnu++14";
				CLANG_CXX_LIBRARY = "libc++";
				CLANG_ENABLE_MODULES = YES;
				CLANG_ENABLE_OBJC_ARC = YES;
				CLANG_ENABLE_OBJC_WEAK = YES;
				CLANG_WARN_BLOCK_CAPTURE_AUTORELEASING = YES;
				CLANG_WARN_BOOL_CONVERSION = YES;
				CLANG_WARN_COMMA = YES;
				CLANG_WARN_CONSTANT_CONVERSION = YES;
				CLANG_WARN_DEPRECATED_OBJC_IMPLEMENTATIONS = YES;
				CLANG_WARN_DIRECT_OBJC_ISA_USAGE = YES_ERROR;
				CLANG_WARN_DOCUMENTATION_COMMENTS = YES;
				CLANG_WARN_EMPTY_BODY = YES;
				CLANG_WARN_ENUM_CONVERSION = YES;
				CLANG_WARN_INFINITE_RECURSION = YES;
				CLANG_WARN_INT_CONVERSION = YES;
				CLANG_WARN_NON_LITERAL_NULL_CONVERSION = YES;
				CLANG_WARN_OBJC_IMPLICIT_RETAIN_SELF = YES;
				CLANG_WARN_OBJC_LITERAL_CONVERSION = YES;
				CLANG_WARN_OBJC_ROOT_CLASS = YES_ERROR;
				CLANG_WARN_RANGE_LOOP_ANALYSIS = YES;
				CLANG_WARN_STRICT_PROTOTYPES = YES;
				CLANG_WARN_SUSPICIOUS_MOVE = YES;
				CLANG_WARN_UNGUARDED_AVAILABILITY = YES_AGGRESSIVE;
				CLANG_WARN_UNREACHABLE_CODE = YES;
				CLANG_WARN__DUPLICATE_METHOD_MATCH = YES;
				CODE_SIGN_IDENTITY = "iPhone Developer";
				COPY_PHASE_STRIP = NO;
				DEBUG_INFORMATION_FORMAT = dwarf;
				ENABLE_STRICT_OBJC_MSGSEND = YES;
				ENABLE_TESTABILITY = YES;
				GCC_C_LANGUAGE_STANDARD = gnu11;
				GCC_DYNAMIC_NO_PIC = NO;
				GCC_NO_COMMON_BLOCKS = YES;
				GCC_OPTIMIZATION_LEVEL = 0;
				GCC_PREPROCESSOR_DEFINITIONS = (
					"DEBUG=1",
					"$(inherited)",
				);
				GCC_WARN_64_TO_32_BIT_CONVERSION = YES;
				GCC_WARN_ABOUT_RETURN_TYPE = YES_ERROR;
				GCC_WARN_UNDECLARED_SELECTOR = YES;
				GCC_WARN_UNINITIALIZED_AUTOS = YES_AGGRESSIVE;
				GCC_WARN_UNUSED_FUNCTION = YES;
				GCC_WARN_UNUSED_VARIABLE = YES;
				IPHONEOS_DEPLOYMENT_TARGET = 11.3;
				MTL_ENABLE_DEBUG_INFO = YES;
				ONLY_ACTIVE_ARCH = YES;
				SDKROOT = iphoneos;
				SWIFT_ACTIVE_COMPILATION_CONDITIONS = DEBUG;
				SWIFT_OPTIMIZATION_LEVEL = "-Onone";
			};
			name = Debug;
		};
		4FB72C1420A08A4900AD3FCB /* Release */ = {
			isa = XCBuildConfiguration;
			buildSettings = {
				ALWAYS_SEARCH_USER_PATHS = NO;
				CLANG_ANALYZER_NONNULL = YES;
				CLANG_ANALYZER_NUMBER_OBJECT_CONVERSION = YES_AGGRESSIVE;
				CLANG_CXX_LANGUAGE_STANDARD = "gnu++14";
				CLANG_CXX_LIBRARY = "libc++";
				CLANG_ENABLE_MODULES = YES;
				CLANG_ENABLE_OBJC_ARC = YES;
				CLANG_ENABLE_OBJC_WEAK = YES;
				CLANG_WARN_BLOCK_CAPTURE_AUTORELEASING = YES;
				CLANG_WARN_BOOL_CONVERSION = YES;
				CLANG_WARN_COMMA = YES;
				CLANG_WARN_CONSTANT_CONVERSION = YES;
				CLANG_WARN_DEPRECATED_OBJC_IMPLEMENTATIONS = YES;
				CLANG_WARN_DIRECT_OBJC_ISA_USAGE = YES_ERROR;
				CLANG_WARN_DOCUMENTATION_COMMENTS = YES;
				CLANG_WARN_EMPTY_BODY = YES;
				CLANG_WARN_ENUM_CONVERSION = YES;
				CLANG_WARN_INFINITE_RECURSION = YES;
				CLANG_WARN_INT_CONVERSION = YES;
				CLANG_WARN_NON_LITERAL_NULL_CONVERSION = YES;
				CLANG_WARN_OBJC_IMPLICIT_RETAIN_SELF = YES;
				CLANG_WARN_OBJC_LITERAL_CONVERSION = YES;
				CLANG_WARN_OBJC_ROOT_CLASS = YES_ERROR;
				CLANG_WARN_RANGE_LOOP_ANALYSIS = YES;
				CLANG_WARN_STRICT_PROTOTYPES = YES;
				CLANG_WARN_SUSPICIOUS_MOVE = YES;
				CLANG_WARN_UNGUARDED_AVAILABILITY = YES_AGGRESSIVE;
				CLANG_WARN_UNREACHABLE_CODE = YES;
				CLANG_WARN__DUPLICATE_METHOD_MATCH = YES;
				CODE_SIGN_IDENTITY = "iPhone Developer";
				COPY_PHASE_STRIP = NO;
				DEBUG_INFORMATION_FORMAT = "dwarf-with-dsym";
				ENABLE_NS_ASSERTIONS = NO;
				ENABLE_STRICT_OBJC_MSGSEND = YES;
				GCC_C_LANGUAGE_STANDARD = gnu11;
				GCC_NO_COMMON_BLOCKS = YES;
				GCC_WARN_64_TO_32_BIT_CONVERSION = YES;
				GCC_WARN_ABOUT_RETURN_TYPE = YES_ERROR;
				GCC_WARN_UNDECLARED_SELECTOR = YES;
				GCC_WARN_UNINITIALIZED_AUTOS = YES_AGGRESSIVE;
				GCC_WARN_UNUSED_FUNCTION = YES;
				GCC_WARN_UNUSED_VARIABLE = YES;
				IPHONEOS_DEPLOYMENT_TARGET = 11.3;
				MTL_ENABLE_DEBUG_INFO = NO;
				SDKROOT = iphoneos;
				SWIFT_COMPILATION_MODE = wholemodule;
				SWIFT_OPTIMIZATION_LEVEL = "-O";
				VALIDATE_PRODUCT = YES;
			};
			name = Release;
		};
		4FB72C1620A08A4900AD3FCB /* Debug */ = {
			isa = XCBuildConfiguration;
			baseConfigurationReference = 02F542E0685F9A9A3077CBC9 /* Pods-JudoCanadaMobileAppiOS.debug.xcconfig */;
			buildSettings = {
				ASSETCATALOG_COMPILER_APPICON_NAME = AppIcon;
				ASSETCATALOG_COMPILER_LAUNCHIMAGE_NAME = "Brand Assets";
				CODE_SIGN_STYLE = Automatic;
				DEVELOPMENT_TEAM = 5V2CQ8ZSEH;
				INFOPLIST_FILE = JudoCanadaMobileAppiOS/Info.plist;
				LD_RUNPATH_SEARCH_PATHS = (
					"$(inherited)",
					"@executable_path/Frameworks",
				);
				PRODUCT_BUNDLE_IDENTIFIER = org.judocanada.JudoCanadaMobileAppiOS;
				PRODUCT_NAME = "$(TARGET_NAME)";
				SWIFT_VERSION = 4.0;
				TARGETED_DEVICE_FAMILY = "1,2";
			};
			name = Debug;
		};
		4FB72C1720A08A4900AD3FCB /* Release */ = {
			isa = XCBuildConfiguration;
			baseConfigurationReference = DDEC53394C871E621C138666 /* Pods-JudoCanadaMobileAppiOS.release.xcconfig */;
			buildSettings = {
				ASSETCATALOG_COMPILER_APPICON_NAME = AppIcon;
				ASSETCATALOG_COMPILER_LAUNCHIMAGE_NAME = "Brand Assets";
				CODE_SIGN_STYLE = Automatic;
				DEVELOPMENT_TEAM = 5V2CQ8ZSEH;
				INFOPLIST_FILE = JudoCanadaMobileAppiOS/Info.plist;
				LD_RUNPATH_SEARCH_PATHS = (
					"$(inherited)",
					"@executable_path/Frameworks",
				);
				PRODUCT_BUNDLE_IDENTIFIER = org.judocanada.JudoCanadaMobileAppiOS;
				PRODUCT_NAME = "$(TARGET_NAME)";
				SWIFT_VERSION = 4.0;
				TARGETED_DEVICE_FAMILY = "1,2";
			};
			name = Release;
		};
		4FB72C1920A08A4900AD3FCB /* Debug */ = {
			isa = XCBuildConfiguration;
			baseConfigurationReference = 5A80F717F2556C38AAF7B8CF /* Pods-JudoCanadaMobileAppiOSTests.debug.xcconfig */;
			buildSettings = {
				ALWAYS_EMBED_SWIFT_STANDARD_LIBRARIES = YES;
				BUNDLE_LOADER = "$(TEST_HOST)";
				CODE_SIGN_STYLE = Automatic;
				DEVELOPMENT_TEAM = 5V2CQ8ZSEH;
				INFOPLIST_FILE = JudoCanadaMobileAppiOSTests/Info.plist;
				LD_RUNPATH_SEARCH_PATHS = (
					"$(inherited)",
					"@executable_path/Frameworks",
					"@loader_path/Frameworks",
				);
				PRODUCT_BUNDLE_IDENTIFIER = org.judocanada.JudoCanadaMobileAppiOSTests;
				PRODUCT_NAME = "$(TARGET_NAME)";
				SWIFT_VERSION = 4.0;
				TARGETED_DEVICE_FAMILY = "1,2";
				TEST_HOST = "$(BUILT_PRODUCTS_DIR)/JudoCanadaMobileAppiOS.app/JudoCanadaMobileAppiOS";
			};
			name = Debug;
		};
		4FB72C1A20A08A4900AD3FCB /* Release */ = {
			isa = XCBuildConfiguration;
			baseConfigurationReference = 6BB3CAC334B91DF456D68BE8 /* Pods-JudoCanadaMobileAppiOSTests.release.xcconfig */;
			buildSettings = {
				ALWAYS_EMBED_SWIFT_STANDARD_LIBRARIES = YES;
				BUNDLE_LOADER = "$(TEST_HOST)";
				CODE_SIGN_STYLE = Automatic;
				DEVELOPMENT_TEAM = 5V2CQ8ZSEH;
				INFOPLIST_FILE = JudoCanadaMobileAppiOSTests/Info.plist;
				LD_RUNPATH_SEARCH_PATHS = (
					"$(inherited)",
					"@executable_path/Frameworks",
					"@loader_path/Frameworks",
				);
				PRODUCT_BUNDLE_IDENTIFIER = org.judocanada.JudoCanadaMobileAppiOSTests;
				PRODUCT_NAME = "$(TARGET_NAME)";
				SWIFT_VERSION = 4.0;
				TARGETED_DEVICE_FAMILY = "1,2";
				TEST_HOST = "$(BUILT_PRODUCTS_DIR)/JudoCanadaMobileAppiOS.app/JudoCanadaMobileAppiOS";
			};
			name = Release;
		};
/* End XCBuildConfiguration section */

/* Begin XCConfigurationList section */
		4FB72BF020A08A4700AD3FCB /* Build configuration list for PBXProject "JudoCanadaMobileAppiOS" */ = {
			isa = XCConfigurationList;
			buildConfigurations = (
				4FB72C1320A08A4900AD3FCB /* Debug */,
				4FB72C1420A08A4900AD3FCB /* Release */,
			);
			defaultConfigurationIsVisible = 0;
			defaultConfigurationName = Release;
		};
		4FB72C1520A08A4900AD3FCB /* Build configuration list for PBXNativeTarget "JudoCanadaMobileAppiOS" */ = {
			isa = XCConfigurationList;
			buildConfigurations = (
				4FB72C1620A08A4900AD3FCB /* Debug */,
				4FB72C1720A08A4900AD3FCB /* Release */,
			);
			defaultConfigurationIsVisible = 0;
			defaultConfigurationName = Release;
		};
		4FB72C1820A08A4900AD3FCB /* Build configuration list for PBXNativeTarget "JudoCanadaMobileAppiOSTests" */ = {
			isa = XCConfigurationList;
			buildConfigurations = (
				4FB72C1920A08A4900AD3FCB /* Debug */,
				4FB72C1A20A08A4900AD3FCB /* Release */,
			);
			defaultConfigurationIsVisible = 0;
			defaultConfigurationName = Release;
		};
/* End XCConfigurationList section */

/* Begin XCVersionGroup section */
		4FB72BFF20A08A4700AD3FCB /* JudoCanadaMobileAppiOS.xcdatamodeld */ = {
			isa = XCVersionGroup;
			children = (
				4FB72C0020A08A4700AD3FCB /* JudoCanadaMobileAppiOS.xcdatamodel */,
			);
			currentVersion = 4FB72C0020A08A4700AD3FCB /* JudoCanadaMobileAppiOS.xcdatamodel */;
			path = JudoCanadaMobileAppiOS.xcdatamodeld;
			sourceTree = "<group>";
			versionGroupType = wrapper.xcdatamodel;
		};
/* End XCVersionGroup section */
	};
	rootObject = 4FB72BED20A08A4700AD3FCB /* Project object */;
}
